// !$*UTF8*$!
{
	archiveVersion = 1;
	classes = {
	};
	objectVersion = 46;
	objects = {

/* Begin PBXBuildFile section */
		620C9DEB1D7043CB0080A4FD /* WeatherViewModel.swift in Sources */ = {isa = PBXBuildFile; fileRef = 620C9DEA1D7043CB0080A4FD /* WeatherViewModel.swift */; };
		622FC6031D7447D100DF01E0 /* News.storyboard in Resources */ = {isa = PBXBuildFile; fileRef = 622FC6021D7447D100DF01E0 /* News.storyboard */; };
		622FC6071D74488500DF01E0 /* NewsTableViewPage.swift in Sources */ = {isa = PBXBuildFile; fileRef = 622FC6061D74488500DF01E0 /* NewsTableViewPage.swift */; };
		622FC6091D74490600DF01E0 /* NewsCell.swift in Sources */ = {isa = PBXBuildFile; fileRef = 622FC6081D74490600DF01E0 /* NewsCell.swift */; };
		622FC60B1D745E8B00DF01E0 /* NewsEntity.swift in Sources */ = {isa = PBXBuildFile; fileRef = 622FC60A1D745E8B00DF01E0 /* NewsEntity.swift */; };
		62415A671D69EBEF00B6E295 /* WeatherView.swift in Sources */ = {isa = PBXBuildFile; fileRef = 62415A661D69EBEF00B6E295 /* WeatherView.swift */; };
		62415A691D69EC0700B6E295 /* WeatherView.xib in Resources */ = {isa = PBXBuildFile; fileRef = 62415A681D69EC0700B6E295 /* WeatherView.xib */; };
		6243D75B1D732B37000230A4 /* UIImageView+DownloadImage.swift in Sources */ = {isa = PBXBuildFile; fileRef = 6243D75A1D732B37000230A4 /* UIImageView+DownloadImage.swift */; };
		62642C721D65F6B700568355 /* WeatherEntity.swift in Sources */ = {isa = PBXBuildFile; fileRef = 62642C711D65F6B700568355 /* WeatherEntity.swift */; };
		62642C751D65F87C00568355 /* WeatherDetailPage.swift in Sources */ = {isa = PBXBuildFile; fileRef = 62642C731D65F87C00568355 /* WeatherDetailPage.swift */; };
		62642C761D65F87C00568355 /* WeatherDetailPage.xib in Resources */ = {isa = PBXBuildFile; fileRef = 62642C741D65F87C00568355 /* WeatherDetailPage.xib */; };
		6275BEDE1D6099AA00F0B6BA /* AppDelegate.swift in Sources */ = {isa = PBXBuildFile; fileRef = 6275BEDD1D6099AA00F0B6BA /* AppDelegate.swift */; };
		6275BEE31D6099AA00F0B6BA /* Main.storyboard in Resources */ = {isa = PBXBuildFile; fileRef = 6275BEE11D6099AA00F0B6BA /* Main.storyboard */; };
		6275BEE51D6099AA00F0B6BA /* Assets.xcassets in Resources */ = {isa = PBXBuildFile; fileRef = 6275BEE41D6099AA00F0B6BA /* Assets.xcassets */; };
		6275BEE81D6099AA00F0B6BA /* LaunchScreen.storyboard in Resources */ = {isa = PBXBuildFile; fileRef = 6275BEE61D6099AA00F0B6BA /* LaunchScreen.storyboard */; };
		6275BEF31D6099AA00F0B6BA /* FakeNewsTests.swift in Sources */ = {isa = PBXBuildFile; fileRef = 6275BEF21D6099AA00F0B6BA /* FakeNewsTests.swift */; };
		6275BF001D6099D500F0B6BA /* NewsURLs.plist in Resources */ = {isa = PBXBuildFile; fileRef = 6275BEFE1D6099D500F0B6BA /* NewsURLs.plist */; };
		6275BF061D609A1200F0B6BA /* BarButton.swift in Sources */ = {isa = PBXBuildFile; fileRef = 6275BF021D609A1200F0B6BA /* BarButton.swift */; };
		6275BF071D609A1200F0B6BA /* MainTabBarController.swift in Sources */ = {isa = PBXBuildFile; fileRef = 6275BF031D609A1200F0B6BA /* MainTabBarController.swift */; };
		6275BF081D609A1200F0B6BA /* TabBar.swift in Sources */ = {isa = PBXBuildFile; fileRef = 6275BF041D609A1200F0B6BA /* TabBar.swift */; };
		6275BF091D609A1200F0B6BA /* TitleLabel.swift in Sources */ = {isa = PBXBuildFile; fileRef = 6275BF051D609A1200F0B6BA /* TitleLabel.swift */; };
		62AF01301D6877A800C70FF2 /* WeatherItemView.swift in Sources */ = {isa = PBXBuildFile; fileRef = 62AF012F1D6877A800C70FF2 /* WeatherItemView.swift */; };
		62AF01321D6877DC00C70FF2 /* WeatherItemView.xib in Resources */ = {isa = PBXBuildFile; fileRef = 62AF01311D6877DC00C70FF2 /* WeatherItemView.xib */; };
		62EF58871D61E53E0014EFAB /* HYQiHei-50J.ttf in Resources */ = {isa = PBXBuildFile; fileRef = 62EF58861D61E53E0014EFAB /* HYQiHei-50J.ttf */; };
		62EF58891D61E7A10014EFAB /* NavController.swift in Sources */ = {isa = PBXBuildFile; fileRef = 62EF58881D61E7A10014EFAB /* NavController.swift */; };
		62EF588B1D61EA780014EFAB /* MainViewController.swift in Sources */ = {isa = PBXBuildFile; fileRef = 62EF588A1D61EA780014EFAB /* MainViewController.swift */; };
		62FB440D1D60AD730046DD10 /* UIView+Frame.swift in Sources */ = {isa = PBXBuildFile; fileRef = 62FB440C1D60AD730046DD10 /* UIView+Frame.swift */; };
/* End PBXBuildFile section */

/* Begin PBXContainerItemProxy section */
		6275BEEF1D6099AA00F0B6BA /* PBXContainerItemProxy */ = {
			isa = PBXContainerItemProxy;
			containerPortal = 6275BED21D6099AA00F0B6BA /* Project object */;
			proxyType = 1;
			remoteGlobalIDString = 6275BED91D6099AA00F0B6BA;
			remoteInfo = FakeNews;
		};
/* End PBXContainerItemProxy section */

/* Begin PBXFileReference section */
		620C9DEA1D7043CB0080A4FD /* WeatherViewModel.swift */ = {isa = PBXFileReference; fileEncoding = 4; lastKnownFileType = sourcecode.swift; name = WeatherViewModel.swift; path = Weather/WeatherViewModel.swift; sourceTree = "<group>"; };
		622FC6021D7447D100DF01E0 /* News.storyboard */ = {isa = PBXFileReference; fileEncoding = 4; lastKnownFileType = file.storyboard; name = News.storyboard; path = News/News.storyboard; sourceTree = "<group>"; };
		622FC6061D74488500DF01E0 /* NewsTableViewPage.swift */ = {isa = PBXFileReference; fileEncoding = 4; lastKnownFileType = sourcecode.swift; name = NewsTableViewPage.swift; path = News/NewsTableViewPage.swift; sourceTree = "<group>"; };
		622FC6081D74490600DF01E0 /* NewsCell.swift */ = {isa = PBXFileReference; fileEncoding = 4; lastKnownFileType = sourcecode.swift; name = NewsCell.swift; path = News/NewsCell.swift; sourceTree = "<group>"; };
		622FC60A1D745E8B00DF01E0 /* NewsEntity.swift */ = {isa = PBXFileReference; fileEncoding = 4; lastKnownFileType = sourcecode.swift; name = NewsEntity.swift; path = News/NewsEntity.swift; sourceTree = "<group>"; };
		62415A661D69EBEF00B6E295 /* WeatherView.swift */ = {isa = PBXFileReference; fileEncoding = 4; lastKnownFileType = sourcecode.swift; name = WeatherView.swift; path = Main/WeatherView.swift; sourceTree = "<group>"; };
		62415A681D69EC0700B6E295 /* WeatherView.xib */ = {isa = PBXFileReference; fileEncoding = 4; lastKnownFileType = file.xib; name = WeatherView.xib; path = Weather/WeatherView.xib; sourceTree = "<group>"; };
		6243D75A1D732B37000230A4 /* UIImageView+DownloadImage.swift */ = {isa = PBXFileReference; fileEncoding = 4; lastKnownFileType = sourcecode.swift; name = "UIImageView+DownloadImage.swift"; path = "Tools/UIImageView+DownloadImage.swift"; sourceTree = "<group>"; };
		62642C711D65F6B700568355 /* WeatherEntity.swift */ = {isa = PBXFileReference; fileEncoding = 4; lastKnownFileType = sourcecode.swift; name = WeatherEntity.swift; path = Weather/WeatherEntity.swift; sourceTree = "<group>"; };
		62642C731D65F87C00568355 /* WeatherDetailPage.swift */ = {isa = PBXFileReference; fileEncoding = 4; lastKnownFileType = sourcecode.swift; name = WeatherDetailPage.swift; path = Weather/WeatherDetailPage.swift; sourceTree = "<group>"; };
		62642C741D65F87C00568355 /* WeatherDetailPage.xib */ = {isa = PBXFileReference; fileEncoding = 4; lastKnownFileType = file.xib; name = WeatherDetailPage.xib; path = Weather/WeatherDetailPage.xib; sourceTree = "<group>"; };
		6275BEDA1D6099AA00F0B6BA /* FakeNews.app */ = {isa = PBXFileReference; explicitFileType = wrapper.application; includeInIndex = 0; path = FakeNews.app; sourceTree = BUILT_PRODUCTS_DIR; };
		6275BEDD1D6099AA00F0B6BA /* AppDelegate.swift */ = {isa = PBXFileReference; lastKnownFileType = sourcecode.swift; path = AppDelegate.swift; sourceTree = "<group>"; };
		6275BEE21D6099AA00F0B6BA /* Base */ = {isa = PBXFileReference; lastKnownFileType = file.storyboard; name = Base; path = Base.lproj/Main.storyboard; sourceTree = "<group>"; };
		6275BEE41D6099AA00F0B6BA /* Assets.xcassets */ = {isa = PBXFileReference; lastKnownFileType = folder.assetcatalog; path = Assets.xcassets; sourceTree = "<group>"; };
		6275BEE71D6099AA00F0B6BA /* Base */ = {isa = PBXFileReference; lastKnownFileType = file.storyboard; name = Base; path = Base.lproj/LaunchScreen.storyboard; sourceTree = "<group>"; };
		6275BEE91D6099AA00F0B6BA /* Info.plist */ = {isa = PBXFileReference; lastKnownFileType = text.plist.xml; path = Info.plist; sourceTree = "<group>"; };
		6275BEEE1D6099AA00F0B6BA /* FakeNewsTests.xctest */ = {isa = PBXFileReference; explicitFileType = wrapper.cfbundle; includeInIndex = 0; path = FakeNewsTests.xctest; sourceTree = BUILT_PRODUCTS_DIR; };
		6275BEF21D6099AA00F0B6BA /* FakeNewsTests.swift */ = {isa = PBXFileReference; lastKnownFileType = sourcecode.swift; path = FakeNewsTests.swift; sourceTree = "<group>"; };
		6275BEF41D6099AA00F0B6BA /* Info.plist */ = {isa = PBXFileReference; lastKnownFileType = text.plist.xml; path = Info.plist; sourceTree = "<group>"; };
		6275BEFE1D6099D500F0B6BA /* NewsURLs.plist */ = {isa = PBXFileReference; fileEncoding = 4; lastKnownFileType = text.plist.xml; path = NewsURLs.plist; sourceTree = "<group>"; };
		6275BF021D609A1200F0B6BA /* BarButton.swift */ = {isa = PBXFileReference; fileEncoding = 4; lastKnownFileType = sourcecode.swift; path = BarButton.swift; sourceTree = "<group>"; };
		6275BF031D609A1200F0B6BA /* MainTabBarController.swift */ = {isa = PBXFileReference; fileEncoding = 4; lastKnownFileType = sourcecode.swift; path = MainTabBarController.swift; sourceTree = "<group>"; };
		6275BF041D609A1200F0B6BA /* TabBar.swift */ = {isa = PBXFileReference; fileEncoding = 4; lastKnownFileType = sourcecode.swift; path = TabBar.swift; sourceTree = "<group>"; };
		6275BF051D609A1200F0B6BA /* TitleLabel.swift */ = {isa = PBXFileReference; fileEncoding = 4; lastKnownFileType = sourcecode.swift; path = TitleLabel.swift; sourceTree = "<group>"; };
		62AF012F1D6877A800C70FF2 /* WeatherItemView.swift */ = {isa = PBXFileReference; fileEncoding = 4; lastKnownFileType = sourcecode.swift; name = WeatherItemView.swift; path = Weather/WeatherItemView.swift; sourceTree = "<group>"; };
		62AF01311D6877DC00C70FF2 /* WeatherItemView.xib */ = {isa = PBXFileReference; fileEncoding = 4; lastKnownFileType = file.xib; name = WeatherItemView.xib; path = Weather/WeatherItemView.xib; sourceTree = "<group>"; };
		62EF58861D61E53E0014EFAB /* HYQiHei-50J.ttf */ = {isa = PBXFileReference; lastKnownFileType = file; path = "HYQiHei-50J.ttf"; sourceTree = "<group>"; };
		62EF58881D61E7A10014EFAB /* NavController.swift */ = {isa = PBXFileReference; fileEncoding = 4; lastKnownFileType = sourcecode.swift; path = NavController.swift; sourceTree = "<group>"; };
		62EF588A1D61EA780014EFAB /* MainViewController.swift */ = {isa = PBXFileReference; fileEncoding = 4; lastKnownFileType = sourcecode.swift; path = MainViewController.swift; sourceTree = "<group>"; };
		62FB440C1D60AD730046DD10 /* UIView+Frame.swift */ = {isa = PBXFileReference; fileEncoding = 4; lastKnownFileType = sourcecode.swift; name = "UIView+Frame.swift"; path = "Tools/UIView+Frame.swift"; sourceTree = "<group>"; };
/* End PBXFileReference section */

/* Begin PBXFrameworksBuildPhase section */
		6275BED71D6099AA00F0B6BA /* Frameworks */ = {
			isa = PBXFrameworksBuildPhase;
			buildActionMask = 2147483647;
			files = (
			);
			runOnlyForDeploymentPostprocessing = 0;
		};
		6275BEEB1D6099AA00F0B6BA /* Frameworks */ = {
			isa = PBXFrameworksBuildPhase;
			buildActionMask = 2147483647;
			files = (
			);
			runOnlyForDeploymentPostprocessing = 0;
		};
/* End PBXFrameworksBuildPhase section */

/* Begin PBXGroup section */
		620C9DEC1D7043D00080A4FD /* ViewModel */ = {
			isa = PBXGroup;
			children = (
				620C9DEA1D7043CB0080A4FD /* WeatherViewModel.swift */,
			);
			name = ViewModel;
			sourceTree = "<group>";
		};
		6216C0A51D6336A900FC0C60 /* Supporting Files */ = {
			isa = PBXGroup;
			children = (
				6275BEDD1D6099AA00F0B6BA /* AppDelegate.swift */,
				6275BEE61D6099AA00F0B6BA /* LaunchScreen.storyboard */,
				6275BEE41D6099AA00F0B6BA /* Assets.xcassets */,
				6275BEE91D6099AA00F0B6BA /* Info.plist */,
				6275BEFE1D6099D500F0B6BA /* NewsURLs.plist */,
				62EF58861D61E53E0014EFAB /* HYQiHei-50J.ttf */,
			);
			name = "Supporting Files";
			sourceTree = "<group>";
		};
		622FC6041D7447D600DF01E0 /* News */ = {
			isa = PBXGroup;
			children = (
				622FC6051D7447E000DF01E0 /* Page */,
				622FC60C1D745E9100DF01E0 /* Entity */,
			);
			name = News;
			sourceTree = "<group>";
		};
		622FC6051D7447E000DF01E0 /* Page */ = {
			isa = PBXGroup;
			children = (
				622FC6021D7447D100DF01E0 /* News.storyboard */,
				622FC6061D74488500DF01E0 /* NewsTableViewPage.swift */,
				622FC6081D74490600DF01E0 /* NewsCell.swift */,
			);
			name = Page;
			sourceTree = "<group>";
		};
		622FC60C1D745E9100DF01E0 /* Entity */ = {
			isa = PBXGroup;
			children = (
				622FC60A1D745E8B00DF01E0 /* NewsEntity.swift */,
			);
			name = Entity;
			sourceTree = "<group>";
		};
		62642C6F1D65F64800568355 /* Weather */ = {
			isa = PBXGroup;
			children = (
				62642C771D65F88100568355 /* Page */,
				62642C701D65F65C00568355 /* Entity */,
				620C9DEC1D7043D00080A4FD /* ViewModel */,
			);
			name = Weather;
			sourceTree = "<group>";
		};
		62642C701D65F65C00568355 /* Entity */ = {
			isa = PBXGroup;
			children = (
				62642C711D65F6B700568355 /* WeatherEntity.swift */,
			);
			name = Entity;
			sourceTree = "<group>";
		};
		62642C771D65F88100568355 /* Page */ = {
			isa = PBXGroup;
			children = (
				62642C731D65F87C00568355 /* WeatherDetailPage.swift */,
				62642C741D65F87C00568355 /* WeatherDetailPage.xib */,
				62AF012F1D6877A800C70FF2 /* WeatherItemView.swift */,
				62AF01311D6877DC00C70FF2 /* WeatherItemView.xib */,
				62415A661D69EBEF00B6E295 /* WeatherView.swift */,
				62415A681D69EC0700B6E295 /* WeatherView.xib */,
			);
			name = Page;
			sourceTree = "<group>";
		};
		6275BED11D6099AA00F0B6BA = {
			isa = PBXGroup;
			children = (
				6275BEDC1D6099AA00F0B6BA /* FakeNews */,
				6275BEF11D6099AA00F0B6BA /* FakeNewsTests */,
				6275BEDB1D6099AA00F0B6BA /* Products */,
			);
			sourceTree = "<group>";
		};
		6275BEDB1D6099AA00F0B6BA /* Products */ = {
			isa = PBXGroup;
			children = (
				6275BEDA1D6099AA00F0B6BA /* FakeNews.app */,
				6275BEEE1D6099AA00F0B6BA /* FakeNewsTests.xctest */,
			);
			name = Products;
			sourceTree = "<group>";
		};
		6275BEDC1D6099AA00F0B6BA /* FakeNews */ = {
			isa = PBXGroup;
			children = (
				62642C6F1D65F64800568355 /* Weather */,
				622FC6041D7447D600DF01E0 /* News */,
				6275BF011D609A1200F0B6BA /* Main */,
				62FB440E1D60AD760046DD10 /* Tools */,
				6216C0A51D6336A900FC0C60 /* Supporting Files */,
			);
			path = FakeNews;
			sourceTree = "<group>";
		};
		6275BEF11D6099AA00F0B6BA /* FakeNewsTests */ = {
			isa = PBXGroup;
			children = (
				6275BEF21D6099AA00F0B6BA /* FakeNewsTests.swift */,
				6275BEF41D6099AA00F0B6BA /* Info.plist */,
			);
			path = FakeNewsTests;
			sourceTree = "<group>";
		};
		6275BF011D609A1200F0B6BA /* Main */ = {
			isa = PBXGroup;
			children = (
				6275BEE11D6099AA00F0B6BA /* Main.storyboard */,
				6275BF021D609A1200F0B6BA /* BarButton.swift */,
				6275BF031D609A1200F0B6BA /* MainTabBarController.swift */,
				62EF588A1D61EA780014EFAB /* MainViewController.swift */,
				6275BF041D609A1200F0B6BA /* TabBar.swift */,
				6275BF051D609A1200F0B6BA /* TitleLabel.swift */,
				62EF58881D61E7A10014EFAB /* NavController.swift */,
			);
			path = Main;
			sourceTree = "<group>";
		};
		62FB440E1D60AD760046DD10 /* Tools */ = {
			isa = PBXGroup;
			children = (
				62FB440C1D60AD730046DD10 /* UIView+Frame.swift */,
				6243D75A1D732B37000230A4 /* UIImageView+DownloadImage.swift */,
			);
			name = Tools;
			sourceTree = "<group>";
		};
/* End PBXGroup section */

/* Begin PBXNativeTarget section */
		6275BED91D6099AA00F0B6BA /* FakeNews */ = {
			isa = PBXNativeTarget;
			buildConfigurationList = 6275BEF71D6099AA00F0B6BA /* Build configuration list for PBXNativeTarget "FakeNews" */;
			buildPhases = (
				6275BED61D6099AA00F0B6BA /* Sources */,
				6275BED71D6099AA00F0B6BA /* Frameworks */,
				6275BED81D6099AA00F0B6BA /* Resources */,
			);
			buildRules = (
			);
			dependencies = (
			);
			name = FakeNews;
			productName = FakeNews;
			productReference = 6275BEDA1D6099AA00F0B6BA /* FakeNews.app */;
			productType = "com.apple.product-type.application";
		};
		6275BEED1D6099AA00F0B6BA /* FakeNewsTests */ = {
			isa = PBXNativeTarget;
			buildConfigurationList = 6275BEFA1D6099AA00F0B6BA /* Build configuration list for PBXNativeTarget "FakeNewsTests" */;
			buildPhases = (
				6275BEEA1D6099AA00F0B6BA /* Sources */,
				6275BEEB1D6099AA00F0B6BA /* Frameworks */,
				6275BEEC1D6099AA00F0B6BA /* Resources */,
			);
			buildRules = (
			);
			dependencies = (
				6275BEF01D6099AA00F0B6BA /* PBXTargetDependency */,
			);
			name = FakeNewsTests;
			productName = FakeNewsTests;
			productReference = 6275BEEE1D6099AA00F0B6BA /* FakeNewsTests.xctest */;
			productType = "com.apple.product-type.bundle.unit-test";
		};
/* End PBXNativeTarget section */

/* Begin PBXProject section */
		6275BED21D6099AA00F0B6BA /* Project object */ = {
			isa = PBXProject;
			attributes = {
				LastSwiftUpdateCheck = 0800;
				LastUpgradeCheck = 0800;
				ORGANIZATIONNAME = ChuanleiGuo;
				TargetAttributes = {
					6275BED91D6099AA00F0B6BA = {
						CreatedOnToolsVersion = 8.0;
						DevelopmentTeam = C3W72UD5DN;
						ProvisioningStyle = Automatic;
					};
					6275BEED1D6099AA00F0B6BA = {
						CreatedOnToolsVersion = 8.0;
						DevelopmentTeam = C3W72UD5DN;
						ProvisioningStyle = Automatic;
						TestTargetID = 6275BED91D6099AA00F0B6BA;
					};
				};
			};
			buildConfigurationList = 6275BED51D6099AA00F0B6BA /* Build configuration list for PBXProject "FakeNews" */;
			compatibilityVersion = "Xcode 3.2";
			developmentRegion = English;
			hasScannedForEncodings = 0;
			knownRegions = (
				en,
				Base,
			);
			mainGroup = 6275BED11D6099AA00F0B6BA;
			productRefGroup = 6275BEDB1D6099AA00F0B6BA /* Products */;
			projectDirPath = "";
			projectRoot = "";
			targets = (
				6275BED91D6099AA00F0B6BA /* FakeNews */,
				6275BEED1D6099AA00F0B6BA /* FakeNewsTests */,
			);
		};
/* End PBXProject section */

/* Begin PBXResourcesBuildPhase section */
		6275BED81D6099AA00F0B6BA /* Resources */ = {
			isa = PBXResourcesBuildPhase;
			buildActionMask = 2147483647;
			files = (
				62EF58871D61E53E0014EFAB /* HYQiHei-50J.ttf in Resources */,
				6275BEE81D6099AA00F0B6BA /* LaunchScreen.storyboard in Resources */,
				6275BF001D6099D500F0B6BA /* NewsURLs.plist in Resources */,
				62415A691D69EC0700B6E295 /* WeatherView.xib in Resources */,
				622FC6031D7447D100DF01E0 /* News.storyboard in Resources */,
				6275BEE51D6099AA00F0B6BA /* Assets.xcassets in Resources */,
				62AF01321D6877DC00C70FF2 /* WeatherItemView.xib in Resources */,
				62642C761D65F87C00568355 /* WeatherDetailPage.xib in Resources */,
				6275BEE31D6099AA00F0B6BA /* Main.storyboard in Resources */,
			);
			runOnlyForDeploymentPostprocessing = 0;
		};
		6275BEEC1D6099AA00F0B6BA /* Resources */ = {
			isa = PBXResourcesBuildPhase;
			buildActionMask = 2147483647;
			files = (
			);
			runOnlyForDeploymentPostprocessing = 0;
		};
/* End PBXResourcesBuildPhase section */

/* Begin PBXSourcesBuildPhase section */
		6275BED61D6099AA00F0B6BA /* Sources */ = {
			isa = PBXSourcesBuildPhase;
			buildActionMask = 2147483647;
			files = (
				6243D75B1D732B37000230A4 /* UIImageView+DownloadImage.swift in Sources */,
				6275BEDE1D6099AA00F0B6BA /* AppDelegate.swift in Sources */,
				620C9DEB1D7043CB0080A4FD /* WeatherViewModel.swift in Sources */,
				62EF58891D61E7A10014EFAB /* NavController.swift in Sources */,
				62AF01301D6877A800C70FF2 /* WeatherItemView.swift in Sources */,
				622FC6071D74488500DF01E0 /* NewsTableViewPage.swift in Sources */,
				622FC6091D74490600DF01E0 /* NewsCell.swift in Sources */,
				62415A671D69EBEF00B6E295 /* WeatherView.swift in Sources */,
				6275BF061D609A1200F0B6BA /* BarButton.swift in Sources */,
				62FB440D1D60AD730046DD10 /* UIView+Frame.swift in Sources */,
				62642C751D65F87C00568355 /* WeatherDetailPage.swift in Sources */,
				62642C721D65F6B700568355 /* WeatherEntity.swift in Sources */,
				622FC60B1D745E8B00DF01E0 /* NewsEntity.swift in Sources */,
				6275BF071D609A1200F0B6BA /* MainTabBarController.swift in Sources */,
				6275BF091D609A1200F0B6BA /* TitleLabel.swift in Sources */,
				6275BF081D609A1200F0B6BA /* TabBar.swift in Sources */,
				62EF588B1D61EA780014EFAB /* MainViewController.swift in Sources */,
			);
			runOnlyForDeploymentPostprocessing = 0;
		};
		6275BEEA1D6099AA00F0B6BA /* Sources */ = {
			isa = PBXSourcesBuildPhase;
			buildActionMask = 2147483647;
			files = (
				6275BEF31D6099AA00F0B6BA /* FakeNewsTests.swift in Sources */,
			);
			runOnlyForDeploymentPostprocessing = 0;
		};
/* End PBXSourcesBuildPhase section */

/* Begin PBXTargetDependency section */
		6275BEF01D6099AA00F0B6BA /* PBXTargetDependency */ = {
			isa = PBXTargetDependency;
			target = 6275BED91D6099AA00F0B6BA /* FakeNews */;
			targetProxy = 6275BEEF1D6099AA00F0B6BA /* PBXContainerItemProxy */;
		};
/* End PBXTargetDependency section */

/* Begin PBXVariantGroup section */
		6275BEE11D6099AA00F0B6BA /* Main.storyboard */ = {
			isa = PBXVariantGroup;
			children = (
				6275BEE21D6099AA00F0B6BA /* Base */,
			);
			name = Main.storyboard;
			path = ..;
			sourceTree = "<group>";
		};
		6275BEE61D6099AA00F0B6BA /* LaunchScreen.storyboard */ = {
			isa = PBXVariantGroup;
			children = (
				6275BEE71D6099AA00F0B6BA /* Base */,
			);
			name = LaunchScreen.storyboard;
			sourceTree = "<group>";
		};
/* End PBXVariantGroup section */

/* Begin XCBuildConfiguration section */
		6275BEF51D6099AA00F0B6BA /* Debug */ = {
			isa = XCBuildConfiguration;
			buildSettings = {
				ALWAYS_SEARCH_USER_PATHS = NO;
				CLANG_ANALYZER_NONNULL = YES;
				CLANG_CXX_LANGUAGE_STANDARD = "gnu++0x";
				CLANG_CXX_LIBRARY = "libc++";
				CLANG_ENABLE_MODULES = YES;
				CLANG_ENABLE_OBJC_ARC = YES;
				CLANG_WARN_BOOL_CONVERSION = YES;
				CLANG_WARN_CONSTANT_CONVERSION = YES;
				CLANG_WARN_DIRECT_OBJC_ISA_USAGE = YES_ERROR;
				CLANG_WARN_DOCUMENTATION_COMMENTS = YES;
				CLANG_WARN_EMPTY_BODY = YES;
				CLANG_WARN_ENUM_CONVERSION = YES;
				CLANG_WARN_INFINITE_RECURSION = YES;
				CLANG_WARN_INT_CONVERSION = YES;
				CLANG_WARN_OBJC_ROOT_CLASS = YES_ERROR;
				CLANG_WARN_SUSPICIOUS_MOVES = YES;
				CLANG_WARN_UNREACHABLE_CODE = YES;
				CLANG_WARN__DUPLICATE_METHOD_MATCH = YES;
				"CODE_SIGN_IDENTITY[sdk=iphoneos*]" = "iPhone Developer";
				COPY_PHASE_STRIP = NO;
				DEBUG_INFORMATION_FORMAT = dwarf;
				ENABLE_STRICT_OBJC_MSGSEND = YES;
				ENABLE_TESTABILITY = YES;
				GCC_C_LANGUAGE_STANDARD = gnu99;
				GCC_DYNAMIC_NO_PIC = NO;
				GCC_NO_COMMON_BLOCKS = YES;
				GCC_OPTIMIZATION_LEVEL = 0;
				GCC_PREPROCESSOR_DEFINITIONS = (
					"DEBUG=1",
					"$(inherited)",
				);
				GCC_WARN_64_TO_32_BIT_CONVERSION = YES;
				GCC_WARN_ABOUT_RETURN_TYPE = YES_ERROR;
				GCC_WARN_UNDECLARED_SELECTOR = YES;
				GCC_WARN_UNINITIALIZED_AUTOS = YES_AGGRESSIVE;
				GCC_WARN_UNUSED_FUNCTION = YES;
				GCC_WARN_UNUSED_VARIABLE = YES;
				IPHONEOS_DEPLOYMENT_TARGET = 10.0;
				MTL_ENABLE_DEBUG_INFO = YES;
				ONLY_ACTIVE_ARCH = YES;
				SDKROOT = iphoneos;
				SWIFT_ACTIVE_COMPILATION_CONDITIONS = DEBUG;
				SWIFT_OPTIMIZATION_LEVEL = "-Onone";
			};
			name = Debug;
		};
		6275BEF61D6099AA00F0B6BA /* Release */ = {
			isa = XCBuildConfiguration;
			buildSettings = {
				ALWAYS_SEARCH_USER_PATHS = NO;
				CLANG_ANALYZER_NONNULL = YES;
				CLANG_CXX_LANGUAGE_STANDARD = "gnu++0x";
				CLANG_CXX_LIBRARY = "libc++";
				CLANG_ENABLE_MODULES = YES;
				CLANG_ENABLE_OBJC_ARC = YES;
				CLANG_WARN_BOOL_CONVERSION = YES;
				CLANG_WARN_CONSTANT_CONVERSION = YES;
				CLANG_WARN_DIRECT_OBJC_ISA_USAGE = YES_ERROR;
				CLANG_WARN_DOCUMENTATION_COMMENTS = YES;
				CLANG_WARN_EMPTY_BODY = YES;
				CLANG_WARN_ENUM_CONVERSION = YES;
				CLANG_WARN_INFINITE_RECURSION = YES;
				CLANG_WARN_INT_CONVERSION = YES;
				CLANG_WARN_OBJC_ROOT_CLASS = YES_ERROR;
				CLANG_WARN_SUSPICIOUS_MOVES = YES;
				CLANG_WARN_UNREACHABLE_CODE = YES;
				CLANG_WARN__DUPLICATE_METHOD_MATCH = YES;
				"CODE_SIGN_IDENTITY[sdk=iphoneos*]" = "iPhone Developer";
				COPY_PHASE_STRIP = NO;
				DEBUG_INFORMATION_FORMAT = "dwarf-with-dsym";
				ENABLE_NS_ASSERTIONS = NO;
				ENABLE_STRICT_OBJC_MSGSEND = YES;
				GCC_C_LANGUAGE_STANDARD = gnu99;
				GCC_NO_COMMON_BLOCKS = YES;
				GCC_WARN_64_TO_32_BIT_CONVERSION = YES;
				GCC_WARN_ABOUT_RETURN_TYPE = YES_ERROR;
				GCC_WARN_UNDECLARED_SELECTOR = YES;
				GCC_WARN_UNINITIALIZED_AUTOS = YES_AGGRESSIVE;
				GCC_WARN_UNUSED_FUNCTION = YES;
				GCC_WARN_UNUSED_VARIABLE = YES;
				IPHONEOS_DEPLOYMENT_TARGET = 10.0;
				MTL_ENABLE_DEBUG_INFO = NO;
				SDKROOT = iphoneos;
				SWIFT_OPTIMIZATION_LEVEL = "-Owholemodule";
				VALIDATE_PRODUCT = YES;
			};
			name = Release;
		};
		6275BEF81D6099AA00F0B6BA /* Debug */ = {
			isa = XCBuildConfiguration;
			buildSettings = {
				ASSETCATALOG_COMPILER_APPICON_NAME = AppIcon;
				DEVELOPMENT_TEAM = C3W72UD5DN;
				INFOPLIST_FILE = FakeNews/Info.plist;
				LD_RUNPATH_SEARCH_PATHS = "$(inherited) @executable_path/Frameworks";
				PRODUCT_BUNDLE_IDENTIFIER = com.ChuanleiGuo.FakeNews;
				PRODUCT_NAME = "$(TARGET_NAME)";
				SWIFT_VERSION = 3.0;
			};
			name = Debug;
		};
		6275BEF91D6099AA00F0B6BA /* Release */ = {
			isa = XCBuildConfiguration;
			buildSettings = {
				ASSETCATALOG_COMPILER_APPICON_NAME = AppIcon;
				DEVELOPMENT_TEAM = C3W72UD5DN;
				INFOPLIST_FILE = FakeNews/Info.plist;
				LD_RUNPATH_SEARCH_PATHS = "$(inherited) @executable_path/Frameworks";
				PRODUCT_BUNDLE_IDENTIFIER = com.ChuanleiGuo.FakeNews;
				PRODUCT_NAME = "$(TARGET_NAME)";
				SWIFT_VERSION = 3.0;
			};
			name = Release;
		};
		6275BEFB1D6099AA00F0B6BA /* Debug */ = {
			isa = XCBuildConfiguration;
			buildSettings = {
				BUNDLE_LOADER = "$(TEST_HOST)";
				DEVELOPMENT_TEAM = C3W72UD5DN;
				INFOPLIST_FILE = FakeNewsTests/Info.plist;
				LD_RUNPATH_SEARCH_PATHS = "$(inherited) @executable_path/Frameworks @loader_path/Frameworks";
				PRODUCT_BUNDLE_IDENTIFIER = com.ChuanleiGuo.FakeNewsTests;
				PRODUCT_NAME = "$(TARGET_NAME)";
				SWIFT_VERSION = 3.0;
				TEST_HOST = "$(BUILT_PRODUCTS_DIR)/FakeNews.app/FakeNews";
			};
			name = Debug;
		};
		6275BEFC1D6099AA00F0B6BA /* Release */ = {
			isa = XCBuildConfiguration;
			buildSettings = {
				BUNDLE_LOADER = "$(TEST_HOST)";
				DEVELOPMENT_TEAM = C3W72UD5DN;
				INFOPLIST_FILE = FakeNewsTests/Info.plist;
				LD_RUNPATH_SEARCH_PATHS = "$(inherited) @executable_path/Frameworks @loader_path/Frameworks";
				PRODUCT_BUNDLE_IDENTIFIER = com.ChuanleiGuo.FakeNewsTests;
				PRODUCT_NAME = "$(TARGET_NAME)";
				SWIFT_VERSION = 3.0;
				TEST_HOST = "$(BUILT_PRODUCTS_DIR)/FakeNews.app/FakeNews";
			};
			name = Release;
		};
/* End XCBuildConfiguration section */

/* Begin XCConfigurationList section */
		6275BED51D6099AA00F0B6BA /* Build configuration list for PBXProject "FakeNews" */ = {
			isa = XCConfigurationList;
			buildConfigurations = (
				6275BEF51D6099AA00F0B6BA /* Debug */,
				6275BEF61D6099AA00F0B6BA /* Release */,
			);
			defaultConfigurationIsVisible = 0;
			defaultConfigurationName = Release;
		};
		6275BEF71D6099AA00F0B6BA /* Build configuration list for PBXNativeTarget "FakeNews" */ = {
			isa = XCConfigurationList;
			buildConfigurations = (
				6275BEF81D6099AA00F0B6BA /* Debug */,
				6275BEF91D6099AA00F0B6BA /* Release */,
			);
			defaultConfigurationIsVisible = 0;
			defaultConfigurationName = Release;
		};
		6275BEFA1D6099AA00F0B6BA /* Build configuration list for PBXNativeTarget "FakeNewsTests" */ = {
			isa = XCConfigurationList;
			buildConfigurations = (
				6275BEFB1D6099AA00F0B6BA /* Debug */,
				6275BEFC1D6099AA00F0B6BA /* Release */,
			);
			defaultConfigurationIsVisible = 0;
			defaultConfigurationName = Release;
		};
/* End XCConfigurationList section */
	};
	rootObject = 6275BED21D6099AA00F0B6BA /* Project object */;
}
